
Microsoft Visual Studio Solution File, Format Version 12.00
# Visual Studio Version 17
VisualStudioVersion = 17.5.33414.496
MinimumVisualStudioVersion = 10.0.40219.1
Project("{2150E333-8FDC-42A3-9474-1A3956D46DE8}") = "Services", "Services", "{BF036695-2816-45DB-8ABD-01DF57FEF4CC}"
EndProject
Project("{9A19103F-16F7-4668-BE54-9A1E7A4F7556}") = "Catalog.API", "Services\Catalog.API\Catalog.API.csproj", "{9EA4A6AC-559C-46C4-BADC-DDE7119DCBFD}"
EndProject
Project("{9A19103F-16F7-4668-BE54-9A1E7A4F7556}") = "Basket.API", "Services\Basket.API\Basket.API.csproj", "{252EC937-F01B-40DB-8487-D5890588E0B3}"
EndProject
Project("{9A19103F-16F7-4668-BE54-9A1E7A4F7556}") = "Discount.API", "Services\Discount.API\Discount.API.csproj", "{8193B577-56DF-4560-8A59-F007EEEE3C34}"
EndProject
Project("{9A19103F-16F7-4668-BE54-9A1E7A4F7556}") = "Discount.Grpc", "Services\Discount.Grpc\Discount.Grpc.csproj", "{4D40E0D9-D0A1-4261-8C60-B34EEB8CEF33}"
EndProject
Global
	GlobalSection(SolutionConfigurationPlatforms) = preSolution
		Debug|Any CPU = Debug|Any CPU
		Release|Any CPU = Release|Any CPU
	EndGlobalSection
	GlobalSection(ProjectConfigurationPlatforms) = postSolution
		{9EA4A6AC-559C-46C4-BADC-DDE7119DCBFD}.Debug|Any CPU.ActiveCfg = Debug|Any CPU
		{9EA4A6AC-559C-46C4-BADC-DDE7119DCBFD}.Debug|Any CPU.Build.0 = Debug|Any CPU
		{9EA4A6AC-559C-46C4-BADC-DDE7119DCBFD}.Release|Any CPU.ActiveCfg = Release|Any CPU
		{9EA4A6AC-559C-46C4-BADC-DDE7119DCBFD}.Release|Any CPU.Build.0 = Release|Any CPU
		{252EC937-F01B-40DB-8487-D5890588E0B3}.Debug|Any CPU.ActiveCfg = Debug|Any CPU
		{252EC937-F01B-40DB-8487-D5890588E0B3}.Debug|Any CPU.Build.0 = Debug|Any CPU
		{252EC937-F01B-40DB-8487-D5890588E0B3}.Release|Any CPU.ActiveCfg = Release|Any CPU
		{252EC937-F01B-40DB-8487-D5890588E0B3}.Release|Any CPU.Build.0 = Release|Any CPU
		{8193B577-56DF-4560-8A59-F007EEEE3C34}.Debug|Any CPU.ActiveCfg = Debug|Any CPU
		{8193B577-56DF-4560-8A59-F007EEEE3C34}.Debug|Any CPU.Build.0 = Debug|Any CPU
		{8193B577-56DF-4560-8A59-F007EEEE3C34}.Release|Any CPU.ActiveCfg = Release|Any CPU
		{8193B577-56DF-4560-8A59-F007EEEE3C34}.Release|Any CPU.Build.0 = Release|Any CPU
		{4D40E0D9-D0A1-4261-8C60-B34EEB8CEF33}.Debug|Any CPU.ActiveCfg = Debug|Any CPU
		{4D40E0D9-D0A1-4261-8C60-B34EEB8CEF33}.Debug|Any CPU.Build.0 = Debug|Any CPU
		{4D40E0D9-D0A1-4261-8C60-B34EEB8CEF33}.Release|Any CPU.ActiveCfg = Release|Any CPU
		{4D40E0D9-D0A1-4261-8C60-B34EEB8CEF33}.Release|Any CPU.Build.0 = Release|Any CPU
	EndGlobalSection
	GlobalSection(SolutionProperties) = preSolution
		HideSolutionNode = FALSE
	EndGlobalSection
	GlobalSection(NestedProjects) = preSolution
		{9EA4A6AC-559C-46C4-BADC-DDE7119DCBFD} = {BF036695-2816-45DB-8ABD-01DF57FEF4CC}
		{252EC937-F01B-40DB-8487-D5890588E0B3} = {BF036695-2816-45DB-8ABD-01DF57FEF4CC}
		{8193B577-56DF-4560-8A59-F007EEEE3C34} = {BF036695-2816-45DB-8ABD-01DF57FEF4CC}
		{4D40E0D9-D0A1-4261-8C60-B34EEB8CEF33} = {BF036695-2816-45DB-8ABD-01DF57FEF4CC}
	EndGlobalSection
	GlobalSection(ExtensibilityGlobals) = postSolution
		SolutionGuid = {939E4F80-11F8-476A-9258-B9A6ADE5B3FE}
	EndGlobalSection
EndGlobal
